
Microsoft Visual Studio Solution File, Format Version 12.00
# Visual Studio Version 17
VisualStudioVersion = 17.5.33530.505
MinimumVisualStudioVersion = 10.0.40219.1
Project("{8BC9CEB8-8B4A-11D0-8D11-00A0C91BC942}") = "Learning_06_Table", "Learning_06_Table\Learning_06_Table.vcxproj", "{13149B92-4217-4182-BD85-CF515EA141C9}"
EndProject
Project("{8BC9CEB8-8B4A-11D0-8D11-00A0C91BC942}") = "Learning_07_Pointers", "Learning_07_Pointers\Learning_07_Pointers.vcxproj", "{3824D232-2520-4192-A137-6A3F6B9613E0}"
EndProject
Project("{8BC9CEB8-8B4A-11D0-8D11-00A0C91BC942}") = "Learning_08_AllocMemory", "Learning_08_AllocMemory\Learning_08_AllocMemory.vcxproj", "{ED582625-975F-493F-846E-AF316011C4DE}"
EndProject
Project("{8BC9CEB8-8B4A-11D0-8D11-00A0C91BC942}") = "Learning_09_Reference", "Learning_09_Reference\Learning_09_Reference.vcxproj", "{34436A8B-86C5-4627-9A18-789608A464B9}"
EndProject
Project("{8BC9CEB8-8B4A-11D0-8D11-00A0C91BC942}") = "Learning_10_Struct", "Learning_10_Struct\Learning_10_Struct.vcxproj", "{C74D8266-FC46-4DE8-A72F-A5E09FF18939}"
EndProject
Project("{8BC9CEB8-8B4A-11D0-8D11-00A0C91BC942}") = "Learning_00", "Learning_00\Learning_00.vcxproj", "{87FDB140-BC2E-4A43-96E2-997561F5BB02}"
EndProject
Project("{8BC9CEB8-8B4A-11D0-8D11-00A0C91BC942}") = "Learning_01_Variable", "Learning_01_Variable\Learning_01_Variable.vcxproj", "{E1AEB023-1EA6-4856-81B6-661AB07922A9}"
EndProject
Project("{8BC9CEB8-8B4A-11D0-8D11-00A0C91BC942}") = "Learning_02_Conditionnel", "Learning_02_Conditionnel\Learning_02_Conditionnel.vcxproj", "{7D4CDCCE-A511-4056-B871-4D9529C9E3A4}"
EndProject
Project("{8BC9CEB8-8B4A-11D0-8D11-00A0C91BC942}") = "Learning_03_Loop", "Learning_03_Loop\Learning_03_Loop.vcxproj", "{A65A0528-A8AF-4B8C-AF48-6300D15BBDF8}"
EndProject
Project("{8BC9CEB8-8B4A-11D0-8D11-00A0C91BC942}") = "Learning_04_FirstGame", "Learning_04_FirstGame\Learning_04_FirstGame.vcxproj", "{8C22CAFE-4565-4375-87A7-14C309E029EE}"
EndProject
Project("{8BC9CEB8-8B4A-11D0-8D11-00A0C91BC942}") = "Learning_05_Functions", "Learning_05_Functions\Learning_05_Functions.vcxproj", "{87290C7C-D40B-4737-957B-3D2A785916B2}"
EndProject
Global
	GlobalSection(SolutionConfigurationPlatforms) = preSolution
		Debug|x64 = Debug|x64
		Debug|x86 = Debug|x86
		Release|x64 = Release|x64
		Release|x86 = Release|x86
	EndGlobalSection
	GlobalSection(ProjectConfigurationPlatforms) = postSolution
		{13149B92-4217-4182-BD85-CF515EA141C9}.Debug|x64.ActiveCfg = Debug|x64
		{13149B92-4217-4182-BD85-CF515EA141C9}.Debug|x64.Build.0 = Debug|x64
		{13149B92-4217-4182-BD85-CF515EA141C9}.Debug|x86.ActiveCfg = Debug|Win32
		{13149B92-4217-4182-BD85-CF515EA141C9}.Debug|x86.Build.0 = Debug|Win32
		{13149B92-4217-4182-BD85-CF515EA141C9}.Release|x64.ActiveCfg = Release|x64
		{13149B92-4217-4182-BD85-CF515EA141C9}.Release|x64.Build.0 = Release|x64
		{13149B92-4217-4182-BD85-CF515EA141C9}.Release|x86.ActiveCfg = Release|Win32
		{13149B92-4217-4182-BD85-CF515EA141C9}.Release|x86.Build.0 = Release|Win32
		{3824D232-2520-4192-A137-6A3F6B9613E0}.Debug|x64.ActiveCfg = Debug|x64
		{3824D232-2520-4192-A137-6A3F6B9613E0}.Debug|x64.Build.0 = Debug|x64
		{3824D232-2520-4192-A137-6A3F6B9613E0}.Debug|x86.ActiveCfg = Debug|Win32
		{3824D232-2520-4192-A137-6A3F6B9613E0}.Debug|x86.Build.0 = Debug|Win32
		{3824D232-2520-4192-A137-6A3F6B9613E0}.Release|x64.ActiveCfg = Release|x64
		{3824D232-2520-4192-A137-6A3F6B9613E0}.Release|x64.Build.0 = Release|x64
		{3824D232-2520-4192-A137-6A3F6B9613E0}.Release|x86.ActiveCfg = Release|Win32
		{3824D232-2520-4192-A137-6A3F6B9613E0}.Release|x86.Build.0 = Release|Win32
		{ED582625-975F-493F-846E-AF316011C4DE}.Debug|x64.ActiveCfg = Debug|x64
		{ED582625-975F-493F-846E-AF316011C4DE}.Debug|x64.Build.0 = Debug|x64
		{ED582625-975F-493F-846E-AF316011C4DE}.Debug|x86.ActiveCfg = Debug|Win32
		{ED582625-975F-493F-846E-AF316011C4DE}.Debug|x86.Build.0 = Debug|Win32
		{ED582625-975F-493F-846E-AF316011C4DE}.Release|x64.ActiveCfg = Release|x64
		{ED582625-975F-493F-846E-AF316011C4DE}.Release|x64.Build.0 = Release|x64
		{ED582625-975F-493F-846E-AF316011C4DE}.Release|x86.ActiveCfg = Release|Win32
		{ED582625-975F-493F-846E-AF316011C4DE}.Release|x86.Build.0 = Release|Win32
		{34436A8B-86C5-4627-9A18-789608A464B9}.Debug|x64.ActiveCfg = Debug|x64
		{34436A8B-86C5-4627-9A18-789608A464B9}.Debug|x64.Build.0 = Debug|x64
		{34436A8B-86C5-4627-9A18-789608A464B9}.Debug|x86.ActiveCfg = Debug|Win32
		{34436A8B-86C5-4627-9A18-789608A464B9}.Debug|x86.Build.0 = Debug|Win32
		{34436A8B-86C5-4627-9A18-789608A464B9}.Release|x64.ActiveCfg = Release|x64
		{34436A8B-86C5-4627-9A18-789608A464B9}.Release|x64.Build.0 = Release|x64
		{34436A8B-86C5-4627-9A18-789608A464B9}.Release|x86.ActiveCfg = Release|Win32
		{34436A8B-86C5-4627-9A18-789608A464B9}.Release|x86.Build.0 = Release|Win32
		{C74D8266-FC46-4DE8-A72F-A5E09FF18939}.Debug|x64.ActiveCfg = Debug|x64
		{C74D8266-FC46-4DE8-A72F-A5E09FF18939}.Debug|x64.Build.0 = Debug|x64
		{C74D8266-FC46-4DE8-A72F-A5E09FF18939}.Debug|x86.ActiveCfg = Debug|Win32
		{C74D8266-FC46-4DE8-A72F-A5E09FF18939}.Debug|x86.Build.0 = Debug|Win32
		{C74D8266-FC46-4DE8-A72F-A5E09FF18939}.Release|x64.ActiveCfg = Release|x64
		{C74D8266-FC46-4DE8-A72F-A5E09FF18939}.Release|x64.Build.0 = Release|x64
		{C74D8266-FC46-4DE8-A72F-A5E09FF18939}.Release|x86.ActiveCfg = Release|Win32
		{C74D8266-FC46-4DE8-A72F-A5E09FF18939}.Release|x86.Build.0 = Release|Win32
		{87FDB140-BC2E-4A43-96E2-997561F5BB02}.Debug|x64.ActiveCfg = Debug|x64
		{87FDB140-BC2E-4A43-96E2-997561F5BB02}.Debug|x64.Build.0 = Debug|x64
		{87FDB140-BC2E-4A43-96E2-997561F5BB02}.Debug|x86.ActiveCfg = Debug|Win32
		{87FDB140-BC2E-4A43-96E2-997561F5BB02}.Debug|x86.Build.0 = Debug|Win32
		{87FDB140-BC2E-4A43-96E2-997561F5BB02}.Release|x64.ActiveCfg = Release|x64
		{87FDB140-BC2E-4A43-96E2-997561F5BB02}.Release|x64.Build.0 = Release|x64
		{87FDB140-BC2E-4A43-96E2-997561F5BB02}.Release|x86.ActiveCfg = Release|Win32
		{87FDB140-BC2E-4A43-96E2-997561F5BB02}.Release|x86.Build.0 = Release|Win32
		{E1AEB023-1EA6-4856-81B6-661AB07922A9}.Debug|x64.ActiveCfg = Debug|x64
		{E1AEB023-1EA6-4856-81B6-661AB07922A9}.Debug|x64.Build.0 = Debug|x64
		{E1AEB023-1EA6-4856-81B6-661AB07922A9}.Debug|x86.ActiveCfg = Debug|Win32
		{E1AEB023-1EA6-4856-81B6-661AB07922A9}.Debug|x86.Build.0 = Debug|Win32
		{E1AEB023-1EA6-4856-81B6-661AB07922A9}.Release|x64.ActiveCfg = Release|x64
		{E1AEB023-1EA6-4856-81B6-661AB07922A9}.Release|x64.Build.0 = Release|x64
		{E1AEB023-1EA6-4856-81B6-661AB07922A9}.Release|x86.ActiveCfg = Release|Win32
		{E1AEB023-1EA6-4856-81B6-661AB07922A9}.Release|x86.Build.0 = Release|Win32
		{7D4CDCCE-A511-4056-B871-4D9529C9E3A4}.Debug|x64.ActiveCfg = Debug|x64
		{7D4CDCCE-A511-4056-B871-4D9529C9E3A4}.Debug|x64.Build.0 = Debug|x64
		{7D4CDCCE-A511-4056-B871-4D9529C9E3A4}.Debug|x86.ActiveCfg = Debug|Win32
		{7D4CDCCE-A511-4056-B871-4D9529C9E3A4}.Debug|x86.Build.0 = Debug|Win32
		{7D4CDCCE-A511-4056-B871-4D9529C9E3A4}.Release|x64.ActiveCfg = Release|x64
		{7D4CDCCE-A511-4056-B871-4D9529C9E3A4}.Release|x64.Build.0 = Release|x64
		{7D4CDCCE-A511-4056-B871-4D9529C9E3A4}.Release|x86.ActiveCfg = Release|Win32
		{7D4CDCCE-A511-4056-B871-4D9529C9E3A4}.Release|x86.Build.0 = Release|Win32
		{A65A0528-A8AF-4B8C-AF48-6300D15BBDF8}.Debug|x64.ActiveCfg = Debug|x64
		{A65A0528-A8AF-4B8C-AF48-6300D15BBDF8}.Debug|x64.Build.0 = Debug|x64
		{A65A0528-A8AF-4B8C-AF48-6300D15BBDF8}.Debug|x86.ActiveCfg = Debug|Win32
		{A65A0528-A8AF-4B8C-AF48-6300D15BBDF8}.Debug|x86.Build.0 = Debug|Win32
		{A65A0528-A8AF-4B8C-AF48-6300D15BBDF8}.Release|x64.ActiveCfg = Release|x64
		{A65A0528-A8AF-4B8C-AF48-6300D15BBDF8}.Release|x64.Build.0 = Release|x64
		{A65A0528-A8AF-4B8C-AF48-6300D15BBDF8}.Release|x86.ActiveCfg = Release|Win32
		{A65A0528-A8AF-4B8C-AF48-6300D15BBDF8}.Release|x86.Build.0 = Release|Win32
		{8C22CAFE-4565-4375-87A7-14C309E029EE}.Debug|x64.ActiveCfg = Debug|x64
		{8C22CAFE-4565-4375-87A7-14C309E029EE}.Debug|x64.Build.0 = Debug|x64
		{8C22CAFE-4565-4375-87A7-14C309E029EE}.Debug|x86.ActiveCfg = Debug|Win32
		{8C22CAFE-4565-4375-87A7-14C309E029EE}.Debug|x86.Build.0 = Debug|Win32
		{8C22CAFE-4565-4375-87A7-14C309E029EE}.Release|x64.ActiveCfg = Release|x64
		{8C22CAFE-4565-4375-87A7-14C309E029EE}.Release|x64.Build.0 = Release|x64
		{8C22CAFE-4565-4375-87A7-14C309E029EE}.Release|x86.ActiveCfg = Release|Win32
		{8C22CAFE-4565-4375-87A7-14C309E029EE}.Release|x86.Build.0 = Release|Win32
		{87290C7C-D40B-4737-957B-3D2A785916B2}.Debug|x64.ActiveCfg = Debug|x64
		{87290C7C-D40B-4737-957B-3D2A785916B2}.Debug|x64.Build.0 = Debug|x64
		{87290C7C-D40B-4737-957B-3D2A785916B2}.Debug|x86.ActiveCfg = Debug|Win32
		{87290C7C-D40B-4737-957B-3D2A785916B2}.Debug|x86.Build.0 = Debug|Win32
		{87290C7C-D40B-4737-957B-3D2A785916B2}.Release|x64.ActiveCfg = Release|x64
		{87290C7C-D40B-4737-957B-3D2A785916B2}.Release|x64.Build.0 = Release|x64
		{87290C7C-D40B-4737-957B-3D2A785916B2}.Release|x86.ActiveCfg = Release|Win32
		{87290C7C-D40B-4737-957B-3D2A785916B2}.Release|x86.Build.0 = Release|Win32
	EndGlobalSection
	GlobalSection(SolutionProperties) = preSolution
		HideSolutionNode = FALSE
	EndGlobalSection
	GlobalSection(ExtensibilityGlobals) = postSolution
		SolutionGuid = {C2A0286D-6F7D-43EB-9F34-AF3CC7580937}
	EndGlobalSection
EndGlobal
